
Microsoft Visual Studio Solution File, Format Version 12.00
# Visual Studio Version 16
VisualStudioVersion = 16.0.29424.173
MinimumVisualStudioVersion = 10.0.40219.1
Project("{FAE04EC0-301F-11D3-BF4B-00C04F79EFBC}") = "pdfTest", "pdfTest\pdfTest.csproj", "{B53FC3F4-8812-4AF0-AB3A-4E7693A701FC}"
EndProject
Project("{FAE04EC0-301F-11D3-BF4B-00C04F79EFBC}") = "UsrMgm", "UsrMgm\UsrMgm.csproj", "{987889D0-9324-4F68-8C79-CD78DC3D299D}"
EndProject
Project("{FAE04EC0-301F-11D3-BF4B-00C04F79EFBC}") = "tests", "tests\tests.csproj", "{DC4BF4D4-0F3F-47BA-8427-857717052DC5}"
EndProject
Global
	GlobalSection(SolutionConfigurationPlatforms) = preSolution
		Debug|Any CPU = Debug|Any CPU
		Release|Any CPU = Release|Any CPU
	EndGlobalSection
	GlobalSection(ProjectConfigurationPlatforms) = postSolution
		{B53FC3F4-8812-4AF0-AB3A-4E7693A701FC}.Debug|Any CPU.ActiveCfg = Debug|Any CPU
		{B53FC3F4-8812-4AF0-AB3A-4E7693A701FC}.Debug|Any CPU.Build.0 = Debug|Any CPU
		{B53FC3F4-8812-4AF0-AB3A-4E7693A701FC}.Release|Any CPU.ActiveCfg = Release|Any CPU
		{B53FC3F4-8812-4AF0-AB3A-4E7693A701FC}.Release|Any CPU.Build.0 = Release|Any CPU
		{987889D0-9324-4F68-8C79-CD78DC3D299D}.Debug|Any CPU.ActiveCfg = Debug|Any CPU
		{987889D0-9324-4F68-8C79-CD78DC3D299D}.Debug|Any CPU.Build.0 = Debug|Any CPU
		{987889D0-9324-4F68-8C79-CD78DC3D299D}.Release|Any CPU.ActiveCfg = Release|Any CPU
		{987889D0-9324-4F68-8C79-CD78DC3D299D}.Release|Any CPU.Build.0 = Release|Any CPU
		{DC4BF4D4-0F3F-47BA-8427-857717052DC5}.Debug|Any CPU.ActiveCfg = Debug|Any CPU
		{DC4BF4D4-0F3F-47BA-8427-857717052DC5}.Debug|Any CPU.Build.0 = Debug|Any CPU
		{DC4BF4D4-0F3F-47BA-8427-857717052DC5}.Release|Any CPU.ActiveCfg = Release|Any CPU
		{DC4BF4D4-0F3F-47BA-8427-857717052DC5}.Release|Any CPU.Build.0 = Release|Any CPU
	EndGlobalSection
	GlobalSection(SolutionProperties) = preSolution
		HideSolutionNode = FALSE
	EndGlobalSection
	GlobalSection(ExtensibilityGlobals) = postSolution
		SolutionGuid = {7BB0A6C7-136D-4AEC-B249-E792AE70FE66}
	EndGlobalSection
EndGlobal
